
Microsoft Visual Studio Solution File, Format Version 12.00
# Visual Studio 14
VisualStudioVersion = 14.0.23107.0
MinimumVisualStudioVersion = 10.0.40219.1
Project("{FAE04EC0-301F-11D3-BF4B-00C04F79EFBC}") = "Protobuf.Client", "Protobuf.Client\Protobuf.Client.csproj", "{61E0F9B3-D3DC-4995-937C-5FA0F4808398}"
EndProject
Project("{FAE04EC0-301F-11D3-BF4B-00C04F79EFBC}") = "Protobuf.Web", "Protobuf.Web\Protobuf.Web.csproj", "{66385DB9-9AB9-411A-8F4F-3CEDB5D8BC85}"
EndProject
Project("{FAE04EC0-301F-11D3-BF4B-00C04F79EFBC}") = "Protobuf.Contracts", "Protobuf.Contracts\Protobuf.Contracts.csproj", "{6E7C579A-17A0-4D02-96C5-ED02F6E10977}"
EndProject
Project("{FAE04EC0-301F-11D3-BF4B-00C04F79EFBC}") = "Protobuf.WebPerformanceTests", "Protobuf.WebPerformanceTests\Protobuf.WebPerformanceTests.csproj", "{67C03F1E-1548-44E4-8772-8EBF16B29963}"
EndProject
Project("{2150E333-8FDC-42A3-9474-1A3956D46DE8}") = "Solution Items", "Solution Items", "{2D36F76A-6889-4108-BEC9-5410EF00E3C6}"
	ProjectSection(SolutionItems) = preProject
		Local.testsettings = Local.testsettings
	EndProjectSection
EndProject
Project("{CC5FD16D-436D-48AD-A40C-5A424C6E3E79}") = "Protobuf.AzureCloudService", "Protobuf.AzureCloudService\Protobuf.AzureCloudService.ccproj", "{2205D42C-1EE7-4775-80D9-D0C148533DC8}"
EndProject
Global
	GlobalSection(SolutionConfigurationPlatforms) = preSolution
		Debug|Any CPU = Debug|Any CPU
		Release|Any CPU = Release|Any CPU
	EndGlobalSection
	GlobalSection(ProjectConfigurationPlatforms) = postSolution
		{61E0F9B3-D3DC-4995-937C-5FA0F4808398}.Debug|Any CPU.ActiveCfg = Debug|Any CPU
		{61E0F9B3-D3DC-4995-937C-5FA0F4808398}.Debug|Any CPU.Build.0 = Debug|Any CPU
		{61E0F9B3-D3DC-4995-937C-5FA0F4808398}.Release|Any CPU.ActiveCfg = Release|Any CPU
		{61E0F9B3-D3DC-4995-937C-5FA0F4808398}.Release|Any CPU.Build.0 = Release|Any CPU
		{66385DB9-9AB9-411A-8F4F-3CEDB5D8BC85}.Debug|Any CPU.ActiveCfg = Debug|Any CPU
		{66385DB9-9AB9-411A-8F4F-3CEDB5D8BC85}.Debug|Any CPU.Build.0 = Debug|Any CPU
		{66385DB9-9AB9-411A-8F4F-3CEDB5D8BC85}.Release|Any CPU.ActiveCfg = Release|Any CPU
		{66385DB9-9AB9-411A-8F4F-3CEDB5D8BC85}.Release|Any CPU.Build.0 = Release|Any CPU
		{6E7C579A-17A0-4D02-96C5-ED02F6E10977}.Debug|Any CPU.ActiveCfg = Debug|Any CPU
		{6E7C579A-17A0-4D02-96C5-ED02F6E10977}.Debug|Any CPU.Build.0 = Debug|Any CPU
		{6E7C579A-17A0-4D02-96C5-ED02F6E10977}.Release|Any CPU.ActiveCfg = Release|Any CPU
		{6E7C579A-17A0-4D02-96C5-ED02F6E10977}.Release|Any CPU.Build.0 = Release|Any CPU
		{67C03F1E-1548-44E4-8772-8EBF16B29963}.Debug|Any CPU.ActiveCfg = Debug|Any CPU
		{67C03F1E-1548-44E4-8772-8EBF16B29963}.Debug|Any CPU.Build.0 = Debug|Any CPU
		{67C03F1E-1548-44E4-8772-8EBF16B29963}.Release|Any CPU.ActiveCfg = Release|Any CPU
		{67C03F1E-1548-44E4-8772-8EBF16B29963}.Release|Any CPU.Build.0 = Release|Any CPU
		{2205D42C-1EE7-4775-80D9-D0C148533DC8}.Debug|Any CPU.ActiveCfg = Debug|Any CPU
		{2205D42C-1EE7-4775-80D9-D0C148533DC8}.Debug|Any CPU.Build.0 = Debug|Any CPU
		{2205D42C-1EE7-4775-80D9-D0C148533DC8}.Release|Any CPU.ActiveCfg = Release|Any CPU
		{2205D42C-1EE7-4775-80D9-D0C148533DC8}.Release|Any CPU.Build.0 = Release|Any CPU
	EndGlobalSection
	GlobalSection(SolutionProperties) = preSolution
		HideSolutionNode = FALSE
	EndGlobalSection
EndGlobal
